
Microsoft Visual Studio Solution File, Format Version 12.00
# Visual Studio Version 17
VisualStudioVersion = 17.9.34728.123
MinimumVisualStudioVersion = 10.0.40219.1
Project("{FAE04EC0-301F-11D3-BF4B-00C04F79EFBC}") = "OPP1", "OPP1\OPP1.csproj", "{53868072-65DA-46DA-A8F8-4C2E8C8168FE}"
EndProject
Global
	GlobalSection(SolutionConfigurationPlatforms) = preSolution
		Debug|Any CPU = Debug|Any CPU
		Release|Any CPU = Release|Any CPU
	EndGlobalSection
	GlobalSection(ProjectConfigurationPlatforms) = postSolution
		{53868072-65DA-46DA-A8F8-4C2E8C8168FE}.Debug|Any CPU.ActiveCfg = Debug|Any CPU
		{53868072-65DA-46DA-A8F8-4C2E8C8168FE}.Debug|Any CPU.Build.0 = Debug|Any CPU
		{53868072-65DA-46DA-A8F8-4C2E8C8168FE}.Release|Any CPU.ActiveCfg = Release|Any CPU
		{53868072-65DA-46DA-A8F8-4C2E8C8168FE}.Release|Any CPU.Build.0 = Release|Any CPU
	EndGlobalSection
	GlobalSection(SolutionProperties) = preSolution
		HideSolutionNode = FALSE
	EndGlobalSection
	GlobalSection(ExtensibilityGlobals) = postSolution
		SolutionGuid = {1CBEEA4E-5977-44E1-A70B-56A1F107B2F7}
	EndGlobalSection
EndGlobal
