
Microsoft Visual Studio Solution File, Format Version 12.00
# Visual Studio Version 17
VisualStudioVersion = 17.9.34728.123
MinimumVisualStudioVersion = 10.0.40219.1
Project("{9A19103F-16F7-4668-BE54-9A1E7A4F7556}") = "OPP1", "OPP1\OPP1.csproj", "{53868072-65DA-46DA-A8F8-4C2E8C8168FE}"
EndProject
Project("{9A19103F-16F7-4668-BE54-9A1E7A4F7556}") = "MethodsInClasses", "MethodsInClasses\MethodsInClasses.csproj", "{63C0264E-FC1B-4D93-8D8C-0D950D604788}"
EndProject
Project("{9A19103F-16F7-4668-BE54-9A1E7A4F7556}") = "Abstract_Topic", "Abstract_Topic\Abstract_Topic.csproj", "{773C2577-B749-4EA2-B649-A1EAE5C72C72}"
EndProject
Project("{9A19103F-16F7-4668-BE54-9A1E7A4F7556}") = "Access_Modifiers", "Access_Modifiers\Access_Modifiers.csproj", "{1A4058C2-9AC8-49C1-86DE-9AC8705AD501}"
EndProject
Project("{9A19103F-16F7-4668-BE54-9A1E7A4F7556}") = "Shared", "Shared\Shared.csproj", "{DCC4587C-4660-468E-A8C8-BEB94E2C2296}"
EndProject
Project("{9A19103F-16F7-4668-BE54-9A1E7A4F7556}") = "Generics_Topic", "Generics_Topic\Generics_Topic.csproj", "{F91EBE28-6880-4B42-8673-30E3749E0D71}"
EndProject
Project("{FAE04EC0-301F-11D3-BF4B-00C04F79EFBC}") = "ExceptionHandeling", "ExceptionHandeling\ExceptionHandeling.csproj", "{3FC34389-4E77-40F4-9888-5C61690BED45}"
EndProject
Global
	GlobalSection(SolutionConfigurationPlatforms) = preSolution
		Debug|Any CPU = Debug|Any CPU
		Release|Any CPU = Release|Any CPU
	EndGlobalSection
	GlobalSection(ProjectConfigurationPlatforms) = postSolution
		{53868072-65DA-46DA-A8F8-4C2E8C8168FE}.Debug|Any CPU.ActiveCfg = Debug|Any CPU
		{53868072-65DA-46DA-A8F8-4C2E8C8168FE}.Debug|Any CPU.Build.0 = Debug|Any CPU
		{53868072-65DA-46DA-A8F8-4C2E8C8168FE}.Release|Any CPU.ActiveCfg = Release|Any CPU
		{53868072-65DA-46DA-A8F8-4C2E8C8168FE}.Release|Any CPU.Build.0 = Release|Any CPU
		{63C0264E-FC1B-4D93-8D8C-0D950D604788}.Debug|Any CPU.ActiveCfg = Debug|Any CPU
		{63C0264E-FC1B-4D93-8D8C-0D950D604788}.Debug|Any CPU.Build.0 = Debug|Any CPU
		{63C0264E-FC1B-4D93-8D8C-0D950D604788}.Release|Any CPU.ActiveCfg = Release|Any CPU
		{63C0264E-FC1B-4D93-8D8C-0D950D604788}.Release|Any CPU.Build.0 = Release|Any CPU
		{773C2577-B749-4EA2-B649-A1EAE5C72C72}.Debug|Any CPU.ActiveCfg = Debug|Any CPU
		{773C2577-B749-4EA2-B649-A1EAE5C72C72}.Debug|Any CPU.Build.0 = Debug|Any CPU
		{773C2577-B749-4EA2-B649-A1EAE5C72C72}.Release|Any CPU.ActiveCfg = Release|Any CPU
		{773C2577-B749-4EA2-B649-A1EAE5C72C72}.Release|Any CPU.Build.0 = Release|Any CPU
		{1A4058C2-9AC8-49C1-86DE-9AC8705AD501}.Debug|Any CPU.ActiveCfg = Debug|Any CPU
		{1A4058C2-9AC8-49C1-86DE-9AC8705AD501}.Debug|Any CPU.Build.0 = Debug|Any CPU
		{1A4058C2-9AC8-49C1-86DE-9AC8705AD501}.Release|Any CPU.ActiveCfg = Release|Any CPU
		{1A4058C2-9AC8-49C1-86DE-9AC8705AD501}.Release|Any CPU.Build.0 = Release|Any CPU
		{DCC4587C-4660-468E-A8C8-BEB94E2C2296}.Debug|Any CPU.ActiveCfg = Debug|Any CPU
		{DCC4587C-4660-468E-A8C8-BEB94E2C2296}.Debug|Any CPU.Build.0 = Debug|Any CPU
		{DCC4587C-4660-468E-A8C8-BEB94E2C2296}.Release|Any CPU.ActiveCfg = Release|Any CPU
		{DCC4587C-4660-468E-A8C8-BEB94E2C2296}.Release|Any CPU.Build.0 = Release|Any CPU
		{F91EBE28-6880-4B42-8673-30E3749E0D71}.Debug|Any CPU.ActiveCfg = Debug|Any CPU
		{F91EBE28-6880-4B42-8673-30E3749E0D71}.Debug|Any CPU.Build.0 = Debug|Any CPU
		{F91EBE28-6880-4B42-8673-30E3749E0D71}.Release|Any CPU.ActiveCfg = Release|Any CPU
		{F91EBE28-6880-4B42-8673-30E3749E0D71}.Release|Any CPU.Build.0 = Release|Any CPU
		{3FC34389-4E77-40F4-9888-5C61690BED45}.Debug|Any CPU.ActiveCfg = Debug|Any CPU
		{3FC34389-4E77-40F4-9888-5C61690BED45}.Debug|Any CPU.Build.0 = Debug|Any CPU
		{3FC34389-4E77-40F4-9888-5C61690BED45}.Release|Any CPU.ActiveCfg = Release|Any CPU
		{3FC34389-4E77-40F4-9888-5C61690BED45}.Release|Any CPU.Build.0 = Release|Any CPU
	EndGlobalSection
	GlobalSection(SolutionProperties) = preSolution
		HideSolutionNode = FALSE
	EndGlobalSection
	GlobalSection(ExtensibilityGlobals) = postSolution
		SolutionGuid = {1CBEEA4E-5977-44E1-A70B-56A1F107B2F7}
	EndGlobalSection
EndGlobal
